
Microsoft Visual Studio Solution File, Format Version 12.00
# Visual Studio 15
VisualStudioVersion = 15.0.27703.2042
MinimumVisualStudioVersion = 10.0.40219.1
Project("{FAE04EC0-301F-11D3-BF4B-00C04F79EFBC}") = "Augurk", "Augurk\Augurk.csproj", "{13364A29-2A72-4F65-AE13-28B270801EB3}"
EndProject
Project("{FAE04EC0-301F-11D3-BF4B-00C04F79EFBC}") = "Augurk.Entities", "Augurk.Entities\Augurk.Entities.csproj", "{8EA75685-A3A8-4852-B0A5-B067D4290382}"
EndProject
Project("{2150E333-8FDC-42A3-9474-1A3956D46DE8}") = "Solution Items", "Solution Items", "{D764CFC4-3EEB-46A8-A93D-7DE418A839D4}"
	ProjectSection(SolutionItems) = preProject
		..\azure-pipelines.yml = ..\azure-pipelines.yml
		..\GitVersion.yml = ..\GitVersion.yml
		..\README.md = ..\README.md
	EndProjectSection
EndProject
Project("{FAE04EC0-301F-11D3-BF4B-00C04F79EFBC}") = "Augurk.Specifications", "Augurk.Specifications\Augurk.Specifications.csproj", "{E4C65CB7-8B5D-4530-9B22-A00A77D8CDA9}"
EndProject
Project("{FAE04EC0-301F-11D3-BF4B-00C04F79EFBC}") = "Augurk.Test", "Augurk.Test\Augurk.Test.csproj", "{FEFDA63B-E85F-47BB-A086-3D0DE467FAA2}"
EndProject
Project("{FAE04EC0-301F-11D3-BF4B-00C04F79EFBC}") = "Augurk.IntegrationTest", "Augurk.IntegrationTest\Augurk.IntegrationTest.csproj", "{644EB663-C3A6-4E1B-A559-E3247B8FF336}"
EndProject
Project("{FAE04EC0-301F-11D3-BF4B-00C04F79EFBC}") = "Augurk.UI", "Augurk.UI\Augurk.UI.csproj", "{1D138BB5-3154-439D-ACCE-9BEA60440006}"
EndProject
Global
	GlobalSection(SolutionConfigurationPlatforms) = preSolution
		Debug|Any CPU = Debug|Any CPU
		Release|Any CPU = Release|Any CPU
	EndGlobalSection
	GlobalSection(ProjectConfigurationPlatforms) = postSolution
		{13364A29-2A72-4F65-AE13-28B270801EB3}.Debug|Any CPU.ActiveCfg = Debug|Any CPU
		{13364A29-2A72-4F65-AE13-28B270801EB3}.Debug|Any CPU.Build.0 = Debug|Any CPU
		{13364A29-2A72-4F65-AE13-28B270801EB3}.Release|Any CPU.ActiveCfg = Release|Any CPU
		{13364A29-2A72-4F65-AE13-28B270801EB3}.Release|Any CPU.Build.0 = Release|Any CPU
		{8EA75685-A3A8-4852-B0A5-B067D4290382}.Debug|Any CPU.ActiveCfg = Debug|Any CPU
		{8EA75685-A3A8-4852-B0A5-B067D4290382}.Debug|Any CPU.Build.0 = Debug|Any CPU
		{8EA75685-A3A8-4852-B0A5-B067D4290382}.Release|Any CPU.ActiveCfg = Release|Any CPU
		{8EA75685-A3A8-4852-B0A5-B067D4290382}.Release|Any CPU.Build.0 = Release|Any CPU
		{E4C65CB7-8B5D-4530-9B22-A00A77D8CDA9}.Debug|Any CPU.ActiveCfg = Debug|Any CPU
		{E4C65CB7-8B5D-4530-9B22-A00A77D8CDA9}.Debug|Any CPU.Build.0 = Debug|Any CPU
		{E4C65CB7-8B5D-4530-9B22-A00A77D8CDA9}.Release|Any CPU.ActiveCfg = Release|Any CPU
		{E4C65CB7-8B5D-4530-9B22-A00A77D8CDA9}.Release|Any CPU.Build.0 = Release|Any CPU
		{FEFDA63B-E85F-47BB-A086-3D0DE467FAA2}.Debug|Any CPU.ActiveCfg = Debug|Any CPU
		{FEFDA63B-E85F-47BB-A086-3D0DE467FAA2}.Debug|Any CPU.Build.0 = Debug|Any CPU
		{FEFDA63B-E85F-47BB-A086-3D0DE467FAA2}.Release|Any CPU.ActiveCfg = Release|Any CPU
		{FEFDA63B-E85F-47BB-A086-3D0DE467FAA2}.Release|Any CPU.Build.0 = Release|Any CPU
		{644EB663-C3A6-4E1B-A559-E3247B8FF336}.Debug|Any CPU.ActiveCfg = Debug|Any CPU
		{644EB663-C3A6-4E1B-A559-E3247B8FF336}.Debug|Any CPU.Build.0 = Debug|Any CPU
		{644EB663-C3A6-4E1B-A559-E3247B8FF336}.Release|Any CPU.ActiveCfg = Release|Any CPU
		{644EB663-C3A6-4E1B-A559-E3247B8FF336}.Release|Any CPU.Build.0 = Release|Any CPU
		{1D138BB5-3154-439D-ACCE-9BEA60440006}.Debug|Any CPU.ActiveCfg = Debug|Any CPU
		{1D138BB5-3154-439D-ACCE-9BEA60440006}.Debug|Any CPU.Build.0 = Debug|Any CPU
		{1D138BB5-3154-439D-ACCE-9BEA60440006}.Release|Any CPU.ActiveCfg = Release|Any CPU
		{1D138BB5-3154-439D-ACCE-9BEA60440006}.Release|Any CPU.Build.0 = Release|Any CPU
	EndGlobalSection
	GlobalSection(SolutionProperties) = preSolution
		HideSolutionNode = FALSE
	EndGlobalSection
	GlobalSection(ExtensibilityGlobals) = postSolution
		SolutionGuid = {9E5148E4-9BC2-4187-BF97-46BDA9AC9A66}
	EndGlobalSection
EndGlobal
