
Microsoft Visual Studio Solution File, Format Version 12.00
# Visual Studio 14
VisualStudioVersion = 14.0.23107.0
MinimumVisualStudioVersion = 10.0.40219.1
Project("{FAE04EC0-301F-11D3-BF4B-00C04F79EFBC}") = "Augurk", "Augurk\Augurk.csproj", "{13364A29-2A72-4F65-AE13-28B270801EB3}"
EndProject
Project("{FAE04EC0-301F-11D3-BF4B-00C04F79EFBC}") = "Augurk.MSBuild", "Augurk.MSBuild\Augurk.MSBuild.csproj", "{8E18EF20-0263-4692-9A07-E5692E7F298A}"
EndProject
Project("{FAE04EC0-301F-11D3-BF4B-00C04F79EFBC}") = "Augurk.MSBuild.UnitTest", "Augurk.MSBuild.UnitTest\Augurk.MSBuild.UnitTest.csproj", "{68043D2D-1D63-44AE-B3B2-592C4718AE77}"
EndProject
Project("{FAE04EC0-301F-11D3-BF4B-00C04F79EFBC}") = "Augurk.Entities", "Augurk.Entities\Augurk.Entities.csproj", "{8EA75685-A3A8-4852-B0A5-B067D4290382}"
EndProject
Project("{FAE04EC0-301F-11D3-BF4B-00C04F79EFBC}") = "Augurk.Api", "Augurk.Api\Augurk.Api.csproj", "{C3981525-0902-402D-97F6-64CA2A8772D0}"
EndProject
Project("{CC5FD16D-436D-48AD-A40C-5A424C6E3E79}") = "Augurk.Azure", "Augurk.Azure\Augurk.Azure.ccproj", "{C97A59CE-685E-4886-B3A9-F96DE7C4EC9B}"
EndProject
Project("{FAE04EC0-301F-11D3-BF4B-00C04F79EFBC}") = "Augurk.CommandLine", "Augurk.CommandLine\Augurk.CommandLine.csproj", "{3D0E1E13-76C3-4CB7-B864-0F3D93672144}"
EndProject
Project("{2150E333-8FDC-42A3-9474-1A3956D46DE8}") = "Solution Items", "Solution Items", "{D764CFC4-3EEB-46A8-A93D-7DE418A839D4}"
	ProjectSection(SolutionItems) = preProject
		..\README.md = ..\README.md
	EndProjectSection
EndProject
Global
	GlobalSection(SolutionConfigurationPlatforms) = preSolution
		Debug|Any CPU = Debug|Any CPU
		Release|Any CPU = Release|Any CPU
	EndGlobalSection
	GlobalSection(ProjectConfigurationPlatforms) = postSolution
		{13364A29-2A72-4F65-AE13-28B270801EB3}.Debug|Any CPU.ActiveCfg = Debug|Any CPU
		{13364A29-2A72-4F65-AE13-28B270801EB3}.Debug|Any CPU.Build.0 = Debug|Any CPU
		{13364A29-2A72-4F65-AE13-28B270801EB3}.Release|Any CPU.ActiveCfg = Release|Any CPU
		{13364A29-2A72-4F65-AE13-28B270801EB3}.Release|Any CPU.Build.0 = Release|Any CPU
		{8E18EF20-0263-4692-9A07-E5692E7F298A}.Debug|Any CPU.ActiveCfg = Debug|Any CPU
		{8E18EF20-0263-4692-9A07-E5692E7F298A}.Debug|Any CPU.Build.0 = Debug|Any CPU
		{8E18EF20-0263-4692-9A07-E5692E7F298A}.Release|Any CPU.ActiveCfg = Release|Any CPU
		{8E18EF20-0263-4692-9A07-E5692E7F298A}.Release|Any CPU.Build.0 = Release|Any CPU
		{68043D2D-1D63-44AE-B3B2-592C4718AE77}.Debug|Any CPU.ActiveCfg = Debug|Any CPU
		{68043D2D-1D63-44AE-B3B2-592C4718AE77}.Debug|Any CPU.Build.0 = Debug|Any CPU
		{68043D2D-1D63-44AE-B3B2-592C4718AE77}.Release|Any CPU.ActiveCfg = Release|Any CPU
		{68043D2D-1D63-44AE-B3B2-592C4718AE77}.Release|Any CPU.Build.0 = Release|Any CPU
		{8EA75685-A3A8-4852-B0A5-B067D4290382}.Debug|Any CPU.ActiveCfg = Debug|Any CPU
		{8EA75685-A3A8-4852-B0A5-B067D4290382}.Debug|Any CPU.Build.0 = Debug|Any CPU
		{8EA75685-A3A8-4852-B0A5-B067D4290382}.Release|Any CPU.ActiveCfg = Release|Any CPU
		{8EA75685-A3A8-4852-B0A5-B067D4290382}.Release|Any CPU.Build.0 = Release|Any CPU
		{C3981525-0902-402D-97F6-64CA2A8772D0}.Debug|Any CPU.ActiveCfg = Debug|Any CPU
		{C3981525-0902-402D-97F6-64CA2A8772D0}.Debug|Any CPU.Build.0 = Debug|Any CPU
		{C3981525-0902-402D-97F6-64CA2A8772D0}.Release|Any CPU.ActiveCfg = Release|Any CPU
		{C3981525-0902-402D-97F6-64CA2A8772D0}.Release|Any CPU.Build.0 = Release|Any CPU
		{C97A59CE-685E-4886-B3A9-F96DE7C4EC9B}.Debug|Any CPU.ActiveCfg = Debug|Any CPU
		{C97A59CE-685E-4886-B3A9-F96DE7C4EC9B}.Debug|Any CPU.Build.0 = Debug|Any CPU
		{C97A59CE-685E-4886-B3A9-F96DE7C4EC9B}.Release|Any CPU.ActiveCfg = Release|Any CPU
		{C97A59CE-685E-4886-B3A9-F96DE7C4EC9B}.Release|Any CPU.Build.0 = Release|Any CPU
		{3D0E1E13-76C3-4CB7-B864-0F3D93672144}.Debug|Any CPU.ActiveCfg = Debug|Any CPU
		{3D0E1E13-76C3-4CB7-B864-0F3D93672144}.Debug|Any CPU.Build.0 = Debug|Any CPU
		{3D0E1E13-76C3-4CB7-B864-0F3D93672144}.Release|Any CPU.ActiveCfg = Release|Any CPU
		{3D0E1E13-76C3-4CB7-B864-0F3D93672144}.Release|Any CPU.Build.0 = Release|Any CPU
	EndGlobalSection
	GlobalSection(SolutionProperties) = preSolution
		HideSolutionNode = FALSE
	EndGlobalSection
EndGlobal
